
Microsoft Visual Studio Solution File, Format Version 12.00
# Visual Studio Version 17
VisualStudioVersion = 17.10.34916.146
MinimumVisualStudioVersion = 10.0.40219.1
Project("{8BC9CEB8-8B4A-11D0-8D11-00A0C91BC942}") = "learning_d3d12", "learning_d3d12\learning_d3d12.vcxproj", "{DB0C20FA-C903-4248-A575-AD435EF128C7}"
EndProject
Project("{8BC9CEB8-8B4A-11D0-8D11-00A0C91BC942}") = "3d_game_programming", "3d_game_programming\3d_game_programming.vcxproj", "{1F4A3182-2543-4B5B-9B24-8364BBF07AD8}"
EndProject
Project("{8BC9CEB8-8B4A-11D0-8D11-00A0C91BC942}") = "build_shader", "build_shader\build_shader.vcxproj", "{9353546B-C19A-43C8-839B-D001928F61F1}"
EndProject
Global
	GlobalSection(SolutionConfigurationPlatforms) = preSolution
		Debug|x64 = Debug|x64
		Debug|x86 = Debug|x86
		Release|x64 = Release|x64
		Release|x86 = Release|x86
	EndGlobalSection
	GlobalSection(ProjectConfigurationPlatforms) = postSolution
		{DB0C20FA-C903-4248-A575-AD435EF128C7}.Debug|x64.ActiveCfg = Debug|x64
		{DB0C20FA-C903-4248-A575-AD435EF128C7}.Debug|x64.Build.0 = Debug|x64
		{DB0C20FA-C903-4248-A575-AD435EF128C7}.Debug|x86.ActiveCfg = Debug|Win32
		{DB0C20FA-C903-4248-A575-AD435EF128C7}.Debug|x86.Build.0 = Debug|Win32
		{DB0C20FA-C903-4248-A575-AD435EF128C7}.Release|x64.ActiveCfg = Release|x64
		{DB0C20FA-C903-4248-A575-AD435EF128C7}.Release|x64.Build.0 = Release|x64
		{DB0C20FA-C903-4248-A575-AD435EF128C7}.Release|x86.ActiveCfg = Release|Win32
		{DB0C20FA-C903-4248-A575-AD435EF128C7}.Release|x86.Build.0 = Release|Win32
		{1F4A3182-2543-4B5B-9B24-8364BBF07AD8}.Debug|x64.ActiveCfg = Debug|x64
		{1F4A3182-2543-4B5B-9B24-8364BBF07AD8}.Debug|x64.Build.0 = Debug|x64
		{1F4A3182-2543-4B5B-9B24-8364BBF07AD8}.Debug|x86.ActiveCfg = Debug|Win32
		{1F4A3182-2543-4B5B-9B24-8364BBF07AD8}.Debug|x86.Build.0 = Debug|Win32
		{1F4A3182-2543-4B5B-9B24-8364BBF07AD8}.Release|x64.ActiveCfg = Release|x64
		{1F4A3182-2543-4B5B-9B24-8364BBF07AD8}.Release|x64.Build.0 = Release|x64
		{1F4A3182-2543-4B5B-9B24-8364BBF07AD8}.Release|x86.ActiveCfg = Release|Win32
		{1F4A3182-2543-4B5B-9B24-8364BBF07AD8}.Release|x86.Build.0 = Release|Win32
		{9353546B-C19A-43C8-839B-D001928F61F1}.Debug|x64.ActiveCfg = Debug|x64
		{9353546B-C19A-43C8-839B-D001928F61F1}.Debug|x64.Build.0 = Debug|x64
		{9353546B-C19A-43C8-839B-D001928F61F1}.Debug|x86.ActiveCfg = Debug|Win32
		{9353546B-C19A-43C8-839B-D001928F61F1}.Debug|x86.Build.0 = Debug|Win32
		{9353546B-C19A-43C8-839B-D001928F61F1}.Release|x64.ActiveCfg = Release|x64
		{9353546B-C19A-43C8-839B-D001928F61F1}.Release|x64.Build.0 = Release|x64
		{9353546B-C19A-43C8-839B-D001928F61F1}.Release|x86.ActiveCfg = Release|Win32
		{9353546B-C19A-43C8-839B-D001928F61F1}.Release|x86.Build.0 = Release|Win32
	EndGlobalSection
	GlobalSection(SolutionProperties) = preSolution
		HideSolutionNode = FALSE
	EndGlobalSection
	GlobalSection(ExtensibilityGlobals) = postSolution
		SolutionGuid = {2846C3E8-546F-4503-B247-71E496B267F9}
	EndGlobalSection
EndGlobal
