<?xml version="1.0" encoding="utf-8"?>
<Project ToolsVersion="4.0" xmlns="http://schemas.microsoft.com/developer/msbuild/2003">
  <ItemGroup>
    <Filter Include="Source Files">
      <UniqueIdentifier>{4FC737F1-C7A5-4376-A066-2A32D752A2FF}</UniqueIdentifier>
      <Extensions>cpp;c;cc;cxx;c++;cppm;ixx;def;odl;idl;hpj;bat;asm;asmx</Extensions>
    </Filter>
    <Filter Include="Header Files">
      <UniqueIdentifier>{93995380-89BD-4b04-88EB-625FBE52EBFB}</UniqueIdentifier>
      <Extensions>h;hh;hpp;hxx;h++;hm;inl;inc;ipp;xsd</Extensions>
    </Filter>
    <Filter Include="Resource Files">
      <UniqueIdentifier>{67DA6AB6-F800-4c08-8B7A-83BB121AAD01}</UniqueIdentifier>
      <Extensions>rc;ico;cur;bmp;dlg;rc2;rct;bin;rgs;gif;jpg;jpeg;jpe;resx;tiff;tif;png;wav;mfcribbon-ms</Extensions>
    </Filter>
    <Filter Include="Common">
      <UniqueIdentifier>{3a0520db-df31-4fdc-abb6-00b1f1c9ce26}</UniqueIdentifier>
    </Filter>
    <Filter Include="Example App">
      <UniqueIdentifier>{66a338af-7177-42d4-945e-c843d41e9c3e}</UniqueIdentifier>
    </Filter>
    <Filter Include="Example App\Init Direct3D">
      <UniqueIdentifier>{38ecb3c2-02d9-415b-8095-16dd217d8c3c}</UniqueIdentifier>
    </Filter>
    <Filter Include="Example App\Box">
      <UniqueIdentifier>{30a25350-abb6-4aa1-b6ed-f648e6623200}</UniqueIdentifier>
    </Filter>
    <Filter Include="Example App\Shapes">
      <UniqueIdentifier>{44ed5750-8e30-41c0-ad3f-b904c3735c75}</UniqueIdentifier>
    </Filter>
    <Filter Include="Example App\Land and Waves">
      <UniqueIdentifier>{e10720ed-2990-4ec5-bc4b-1384af71c368}</UniqueIdentifier>
    </Filter>
    <Filter Include="Example App\Crate">
      <UniqueIdentifier>{90f72516-da18-4cbe-8040-af8db3393f2d}</UniqueIdentifier>
    </Filter>
    <Filter Include="Dependencies Src">
      <UniqueIdentifier>{935206a0-2e4d-4f66-a1a7-ebedf4cb5bcc}</UniqueIdentifier>
    </Filter>
    <Filter Include="Example App\Stencil">
      <UniqueIdentifier>{776e7bf9-7a71-4114-b4c9-648058623764}</UniqueIdentifier>
    </Filter>
  </ItemGroup>
  <ItemGroup>
    <ClInclude Include="stdafx.h">
      <Filter>Header Files</Filter>
    </ClInclude>
    <ClInclude Include="d3d_util.h">
      <Filter>Common</Filter>
    </ClInclude>
    <ClInclude Include="game_timer.h">
      <Filter>Common</Filter>
    </ClInclude>
    <ClInclude Include="d3d_app.h">
      <Filter>Common</Filter>
    </ClInclude>
    <ClInclude Include="init_direct3d_app.h">
      <Filter>Example App\Init Direct3D</Filter>
    </ClInclude>
    <ClInclude Include="upload_buffer.h">
      <Filter>Common</Filter>
    </ClInclude>
    <ClInclude Include="box_app.h">
      <Filter>Example App\Box</Filter>
    </ClInclude>
    <ClInclude Include="math_helper.h">
      <Filter>Common</Filter>
    </ClInclude>
    <ClInclude Include="shapes_app.h">
      <Filter>Example App\Shapes</Filter>
    </ClInclude>
    <ClInclude Include="shapes_frame_resource.h">
      <Filter>Example App\Shapes</Filter>
    </ClInclude>
    <ClInclude Include="geometry_generator.h">
      <Filter>Common</Filter>
    </ClInclude>
    <ClInclude Include="land_and_waves_app.h">
      <Filter>Example App\Land and Waves</Filter>
    </ClInclude>
    <ClInclude Include="waves.h">
      <Filter>Example App\Land and Waves</Filter>
    </ClInclude>
    <ClInclude Include="land_and_waves_frame_resource.h">
      <Filter>Example App\Land and Waves</Filter>
    </ClInclude>
    <ClInclude Include="crate_app.h">
      <Filter>Example App\Crate</Filter>
    </ClInclude>
    <ClInclude Include="crate_frame_resource.h">
      <Filter>Example App\Crate</Filter>
    </ClInclude>
    <ClInclude Include="stencil_app.h">
      <Filter>Example App\Stencil</Filter>
    </ClInclude>
    <ClInclude Include="stencil_frame_resource.h">
      <Filter>Example App\Stencil</Filter>
    </ClInclude>
  </ItemGroup>
  <ItemGroup>
    <ClCompile Include="stdafx.cpp">
      <Filter>Source Files</Filter>
    </ClCompile>
    <ClCompile Include="d3d_app.cpp">
      <Filter>Common</Filter>
    </ClCompile>
    <ClCompile Include="d3d_util.cpp">
      <Filter>Common</Filter>
    </ClCompile>
    <ClCompile Include="game_timer.cpp">
      <Filter>Common</Filter>
    </ClCompile>
    <ClCompile Include="init_direct3d_app.cpp">
      <Filter>Example App\Init Direct3D</Filter>
    </ClCompile>
    <ClCompile Include="main.cpp">
      <Filter>Source Files</Filter>
    </ClCompile>
    <ClCompile Include="box_app.cpp">
      <Filter>Example App\Box</Filter>
    </ClCompile>
    <ClCompile Include="upload_buffer.cpp">
      <Filter>Common</Filter>
    </ClCompile>
    <ClCompile Include="math_helper.cpp">
      <Filter>Common</Filter>
    </ClCompile>
    <ClCompile Include="shapes_app.cpp">
      <Filter>Example App\Shapes</Filter>
    </ClCompile>
    <ClCompile Include="shapes_frame_resource.cpp">
      <Filter>Example App\Shapes</Filter>
    </ClCompile>
    <ClCompile Include="geometry_generator.cpp">
      <Filter>Common</Filter>
    </ClCompile>
    <ClCompile Include="land_and_waves_app.cpp">
      <Filter>Example App\Land and Waves</Filter>
    </ClCompile>
    <ClCompile Include="waves.cpp">
      <Filter>Example App\Land and Waves</Filter>
    </ClCompile>
    <ClCompile Include="land_and_waves_frame_resource.cpp">
      <Filter>Example App\Land and Waves</Filter>
    </ClCompile>
    <ClCompile Include="crate_app.cpp">
      <Filter>Example App\Crate</Filter>
    </ClCompile>
    <ClCompile Include="crate_frame_resource.cpp">
      <Filter>Example App\Crate</Filter>
    </ClCompile>
    <ClCompile Include="..\dds_texture_loader\DDSTextureLoader12.cpp">
      <Filter>Dependencies Src</Filter>
    </ClCompile>
    <ClCompile Include="stencil_app.cpp">
      <Filter>Example App\Stencil</Filter>
    </ClCompile>
    <ClCompile Include="stencil_frame_resource.cpp">
      <Filter>Example App\Stencil</Filter>
    </ClCompile>
  </ItemGroup>
</Project>