<?xml version="1.0" encoding="utf-8"?>
<Project ToolsVersion="4.0" xmlns="http://schemas.microsoft.com/developer/msbuild/2003">
  <ItemGroup>
    <Filter Include="Source Files">
      <UniqueIdentifier>{4FC737F1-C7A5-4376-A066-2A32D752A2FF}</UniqueIdentifier>
      <Extensions>cpp;c;cc;cxx;c++;cppm;ixx;def;odl;idl;hpj;bat;asm;asmx</Extensions>
    </Filter>
    <Filter Include="Header Files">
      <UniqueIdentifier>{93995380-89BD-4b04-88EB-625FBE52EBFB}</UniqueIdentifier>
      <Extensions>h;hh;hpp;hxx;h++;hm;inl;inc;ipp;xsd</Extensions>
    </Filter>
    <Filter Include="Resource Files">
      <UniqueIdentifier>{67DA6AB6-F800-4c08-8B7A-83BB121AAD01}</UniqueIdentifier>
      <Extensions>rc;ico;cur;bmp;dlg;rc2;rct;bin;rgs;gif;jpg;jpeg;jpe;resx;tiff;tif;png;wav;mfcribbon-ms</Extensions>
    </Filter>
    <Filter Include="Box">
      <UniqueIdentifier>{df3c3b8b-9675-4687-b59b-31507c98d518}</UniqueIdentifier>
    </Filter>
    <Filter Include="Shapes">
      <UniqueIdentifier>{26684208-791a-45c2-922b-3e81c931a289}</UniqueIdentifier>
    </Filter>
    <Filter Include="Light">
      <UniqueIdentifier>{3cb3146d-ae69-4307-83fc-bceea74deaa6}</UniqueIdentifier>
    </Filter>
    <Filter Include="Texture">
      <UniqueIdentifier>{331220c6-7481-425f-8ece-2372c3b4ad9a}</UniqueIdentifier>
    </Filter>
    <Filter Include="Geometry Shader">
      <UniqueIdentifier>{7f5eb7d7-74a6-48d5-aab6-b869b944297b}</UniqueIdentifier>
    </Filter>
  </ItemGroup>
  <ItemGroup>
    <FxCompile Include="box_pixel.hlsl">
      <Filter>Box</Filter>
    </FxCompile>
    <FxCompile Include="box_vertex.hlsl">
      <Filter>Box</Filter>
    </FxCompile>
    <FxCompile Include="shapes_vertex.hlsl">
      <Filter>Shapes</Filter>
    </FxCompile>
    <FxCompile Include="shapes_pixel.hlsl">
      <Filter>Shapes</Filter>
    </FxCompile>
    <FxCompile Include="light_vertex.hlsl">
      <Filter>Light</Filter>
    </FxCompile>
    <FxCompile Include="light_pixel.hlsl">
      <Filter>Light</Filter>
    </FxCompile>
    <FxCompile Include="shapes_light_pixel.hlsl">
      <Filter>Light</Filter>
    </FxCompile>
    <FxCompile Include="shapes_light_vertex.hlsl">
      <Filter>Light</Filter>
    </FxCompile>
    <FxCompile Include="shapes_spot_light_pixel.hlsl">
      <Filter>Light</Filter>
    </FxCompile>
    <FxCompile Include="toon_light_pixel.hlsl">
      <Filter>Light</Filter>
    </FxCompile>
    <FxCompile Include="tree_sprite.hlsl">
      <Filter>Geometry Shader</Filter>
    </FxCompile>
    <FxCompile Include="standard_texture.hlsl">
      <Filter>Texture</Filter>
    </FxCompile>
    <FxCompile Include="gravity_particle.hlsl">
      <Filter>Geometry Shader</Filter>
    </FxCompile>
  </ItemGroup>
  <ItemGroup>
    <None Include="general_setting.hlsli">
      <Filter>Header Files</Filter>
    </None>
    <None Include="lighting_utils.hlsli">
      <Filter>Header Files</Filter>
    </None>
  </ItemGroup>
</Project>