<?xml version="1.0" encoding="utf-8"?>
<Project ToolsVersion="4.0" xmlns="http://schemas.microsoft.com/developer/msbuild/2003">
  <ItemGroup>
    <Filter Include="Source Files">
      <UniqueIdentifier>{4FC737F1-C7A5-4376-A066-2A32D752A2FF}</UniqueIdentifier>
      <Extensions>cpp;c;cc;cxx;c++;cppm;ixx;def;odl;idl;hpj;bat;asm;asmx</Extensions>
    </Filter>
    <Filter Include="Header Files">
      <UniqueIdentifier>{93995380-89BD-4b04-88EB-625FBE52EBFB}</UniqueIdentifier>
      <Extensions>h;hh;hpp;hxx;h++;hm;inl;inc;ipp;xsd</Extensions>
    </Filter>
    <Filter Include="Resource Files">
      <UniqueIdentifier>{67DA6AB6-F800-4c08-8B7A-83BB121AAD01}</UniqueIdentifier>
      <Extensions>rc;ico;cur;bmp;dlg;rc2;rct;bin;rgs;gif;jpg;jpeg;jpe;resx;tiff;tif;png;wav;mfcribbon-ms</Extensions>
    </Filter>
    <Filter Include="log">
      <UniqueIdentifier>{02a4df39-b93b-4269-9a74-33cec4ffd69a}</UniqueIdentifier>
    </Filter>
    <Filter Include="game_framework">
      <UniqueIdentifier>{fc6889fd-e0e1-4076-9d4e-bf3609c8f665}</UniqueIdentifier>
    </Filter>
    <Filter Include="renderer">
      <UniqueIdentifier>{ef2d7b8f-7593-4bb5-a11e-1c8a4643f864}</UniqueIdentifier>
    </Filter>
    <Filter Include="renderer\d3d12_init">
      <UniqueIdentifier>{dd67f6e3-3a4f-425d-ab18-68c3c9fa549e}</UniqueIdentifier>
    </Filter>
    <Filter Include="timer">
      <UniqueIdentifier>{6d4f509b-574a-4abe-8d30-12288fba3d80}</UniqueIdentifier>
    </Filter>
    <Filter Include="world">
      <UniqueIdentifier>{2e6c876d-c3cf-4c00-a39a-0e92e9e7c280}</UniqueIdentifier>
    </Filter>
    <Filter Include="renderer\shader">
      <UniqueIdentifier>{9c9c8bec-74b4-4b4c-b084-44b463594b6e}</UniqueIdentifier>
    </Filter>
  </ItemGroup>
  <ItemGroup>
    <ClCompile Include="main.cpp">
      <Filter>Source Files</Filter>
    </ClCompile>
    <ClCompile Include="stdafx.cpp">
      <Filter>Source Files</Filter>
    </ClCompile>
    <ClCompile Include="console_logger.cpp">
      <Filter>log</Filter>
    </ClCompile>
    <ClCompile Include="per_log.cpp">
      <Filter>log</Filter>
    </ClCompile>
    <ClCompile Include="game_framework.cpp">
      <Filter>game_framework</Filter>
    </ClCompile>
    <ClCompile Include="d3d12_renderer.cpp">
      <Filter>renderer</Filter>
    </ClCompile>
    <ClCompile Include="game_framework_thread.cpp">
      <Filter>game_framework</Filter>
    </ClCompile>
    <ClCompile Include="per_timer.cpp">
      <Filter>timer</Filter>
    </ClCompile>
    <ClCompile Include="simple_timer.cpp">
      <Filter>timer</Filter>
    </ClCompile>
    <ClCompile Include="per_world.cpp">
      <Filter>world</Filter>
    </ClCompile>
    <ClCompile Include="d3d12_pipleline.cpp">
      <Filter>renderer\d3d12_init</Filter>
    </ClCompile>
  </ItemGroup>
  <ItemGroup>
    <ClInclude Include="stdafx.h">
      <Filter>Header Files</Filter>
    </ClInclude>
    <ClInclude Include="per_log.h">
      <Filter>log</Filter>
    </ClInclude>
    <ClInclude Include="per_logger.h">
      <Filter>log</Filter>
    </ClInclude>
    <ClInclude Include="console_logger.h">
      <Filter>log</Filter>
    </ClInclude>
    <ClInclude Include="null_logger.h">
      <Filter>log</Filter>
    </ClInclude>
    <ClInclude Include="d3d12_renderer.h">
      <Filter>renderer</Filter>
    </ClInclude>
    <ClInclude Include="game_framework.h">
      <Filter>game_framework</Filter>
    </ClInclude>
    <ClInclude Include="d3d12_swapchain.h">
      <Filter>renderer\d3d12_init</Filter>
    </ClInclude>
    <ClInclude Include="d3d12_device.h">
      <Filter>renderer\d3d12_init</Filter>
    </ClInclude>
    <ClInclude Include="d3d12_command.h">
      <Filter>renderer\d3d12_init</Filter>
    </ClInclude>
    <ClInclude Include="d3d12_descriptor.h">
      <Filter>renderer\d3d12_init</Filter>
    </ClInclude>
    <ClInclude Include="d3d12_view.h">
      <Filter>renderer\d3d12_init</Filter>
    </ClInclude>
    <ClInclude Include="cs_provider.h">
      <Filter>Header Files</Filter>
    </ClInclude>
    <ClInclude Include="per_timer.h">
      <Filter>timer</Filter>
    </ClInclude>
    <ClInclude Include="simple_timer.h">
      <Filter>timer</Filter>
    </ClInclude>
    <ClInclude Include="per_world.h">
      <Filter>world</Filter>
    </ClInclude>
    <ClInclude Include="d3d12_pipleline.h">
      <Filter>renderer\d3d12_init</Filter>
    </ClInclude>
  </ItemGroup>
  <ItemGroup>
    <FxCompile Include="vertex_shader.hlsl">
      <Filter>renderer\shader</Filter>
    </FxCompile>
    <FxCompile Include="pixel_shader.hlsl">
      <Filter>renderer\shader</Filter>
    </FxCompile>
  </ItemGroup>
</Project>