<?xml version="1.0" encoding="utf-8"?>
<Project ToolsVersion="4.0" xmlns="http://schemas.microsoft.com/developer/msbuild/2003">
  <ItemGroup>
    <Filter Include="Source Files">
      <UniqueIdentifier>{4FC737F1-C7A5-4376-A066-2A32D752A2FF}</UniqueIdentifier>
      <Extensions>cpp;c;cc;cxx;c++;cppm;ixx;def;odl;idl;hpj;bat;asm;asmx</Extensions>
    </Filter>
    <Filter Include="Header Files">
      <UniqueIdentifier>{93995380-89BD-4b04-88EB-625FBE52EBFB}</UniqueIdentifier>
      <Extensions>h;hh;hpp;hxx;h++;hm;inl;inc;ipp;xsd</Extensions>
    </Filter>
    <Filter Include="Resource Files">
      <UniqueIdentifier>{67DA6AB6-F800-4c08-8B7A-83BB121AAD01}</UniqueIdentifier>
      <Extensions>rc;ico;cur;bmp;dlg;rc2;rct;bin;rgs;gif;jpg;jpeg;jpe;resx;tiff;tif;png;wav;mfcribbon-ms</Extensions>
    </Filter>
    <Filter Include="00. framework">
      <UniqueIdentifier>{9cd963b7-4f84-4e6a-85f7-f6f88b31ff4a}</UniqueIdentifier>
    </Filter>
    <Filter Include="00. framework\game_framework">
      <UniqueIdentifier>{fc6889fd-e0e1-4076-9d4e-bf3609c8f665}</UniqueIdentifier>
    </Filter>
    <Filter Include="00. framework\renderer">
      <UniqueIdentifier>{ef2d7b8f-7593-4bb5-a11e-1c8a4643f864}</UniqueIdentifier>
    </Filter>
    <Filter Include="00. framework\renderer\d3d12_init">
      <UniqueIdentifier>{dd67f6e3-3a4f-425d-ab18-68c3c9fa549e}</UniqueIdentifier>
    </Filter>
    <Filter Include="00. framework\renderer\d3d12_mesh">
      <UniqueIdentifier>{921d3003-a424-482f-a177-fb099ccf2600}</UniqueIdentifier>
    </Filter>
    <Filter Include="00. framework\renderer\d3d12_shader">
      <UniqueIdentifier>{7e7d110e-f3bd-4eff-9de7-ad440a6a0bad}</UniqueIdentifier>
    </Filter>
    <Filter Include="00. framework\renderer\shader_files">
      <UniqueIdentifier>{9c9c8bec-74b4-4b4c-b084-44b463594b6e}</UniqueIdentifier>
    </Filter>
    <Filter Include="00. framework\renderer\d3d12_util">
      <UniqueIdentifier>{08be72f1-c8c7-4ad3-8e3e-c8b4f508c1da}</UniqueIdentifier>
    </Filter>
    <Filter Include="00. framework\timer">
      <UniqueIdentifier>{6d4f509b-574a-4abe-8d30-12288fba3d80}</UniqueIdentifier>
    </Filter>
    <Filter Include="02. debug">
      <UniqueIdentifier>{2a01e927-f0b5-41ef-9db4-aba3ef592379}</UniqueIdentifier>
    </Filter>
    <Filter Include="03. data">
      <UniqueIdentifier>{805be51f-967f-4ecd-9827-fe171b0c1fb1}</UniqueIdentifier>
    </Filter>
    <Filter Include="02. debug\log">
      <UniqueIdentifier>{02a4df39-b93b-4269-9a74-33cec4ffd69a}</UniqueIdentifier>
    </Filter>
    <Filter Include="01. game">
      <UniqueIdentifier>{c85daa4e-6358-46f3-8cc2-6d067c21a74e}</UniqueIdentifier>
    </Filter>
    <Filter Include="01. game\object">
      <UniqueIdentifier>{58fe0cff-03de-4a64-acf9-995458b1d7a4}</UniqueIdentifier>
    </Filter>
    <Filter Include="01. game\object\component">
      <UniqueIdentifier>{e4ec06c2-8b42-4700-96d9-7055c73cd234}</UniqueIdentifier>
    </Filter>
    <Filter Include="01. game\object\component\graphics">
      <UniqueIdentifier>{c9a38a4d-ebb1-4f87-b089-c37ad4dbbfe7}</UniqueIdentifier>
    </Filter>
    <Filter Include="01. game\world">
      <UniqueIdentifier>{2e6c876d-c3cf-4c00-a39a-0e92e9e7c280}</UniqueIdentifier>
    </Filter>
    <Filter Include="01. game\object\component\physics">
      <UniqueIdentifier>{e49c6f28-7b29-49bd-be8f-471b4e38f589}</UniqueIdentifier>
    </Filter>
    <Filter Include="00. framework\camera">
      <UniqueIdentifier>{dd257be6-3371-4ba1-8a7c-edb3d9706cca}</UniqueIdentifier>
    </Filter>
    <Filter Include="00. framework\renderer\d3d12_shader\diffused">
      <UniqueIdentifier>{bb3becbc-b789-4167-b43c-b03a3e39ee14}</UniqueIdentifier>
    </Filter>
    <Filter Include="00. framework\renderer\d3d12_shader\graphics_components">
      <UniqueIdentifier>{0596b07a-88f1-4987-bf5b-aa896477f37b}</UniqueIdentifier>
    </Filter>
    <Filter Include="00. framework\camera\space_ship">
      <UniqueIdentifier>{cffa3e74-94b9-467e-a170-e92e01bfc062}</UniqueIdentifier>
    </Filter>
    <Filter Include="00. framework\camera\first_person">
      <UniqueIdentifier>{fd16297a-0236-463f-bc32-7be20671b1ee}</UniqueIdentifier>
    </Filter>
    <Filter Include="00. framework\camera\third_person">
      <UniqueIdentifier>{b21f10be-30e4-434a-a84d-80465984c051}</UniqueIdentifier>
    </Filter>
    <Filter Include="00. framework\controller">
      <UniqueIdentifier>{905e6106-9385-4c7f-9ab1-17fd66243c40}</UniqueIdentifier>
    </Filter>
    <Filter Include="01. game\object\component\other">
      <UniqueIdentifier>{b0be2f3f-8586-4b5e-afe8-2321bc441cb6}</UniqueIdentifier>
    </Filter>
    <Filter Include="01. game\object\component\input">
      <UniqueIdentifier>{04d2ed6a-100c-4301-a59a-29d25a44a555}</UniqueIdentifier>
    </Filter>
    <Filter Include="01. game\object\component\ai">
      <UniqueIdentifier>{d27f668e-e362-4d5f-804c-2f10b668b495}</UniqueIdentifier>
    </Filter>
    <Filter Include="01. game\object\component\ai\rotating_ai">
      <UniqueIdentifier>{54e63dec-c7d4-4e40-a1d2-c8add3ec81b8}</UniqueIdentifier>
    </Filter>
    <Filter Include="01. game\object\component\input\player_input">
      <UniqueIdentifier>{b6856ea9-36ab-4f28-8292-c98c2912377c}</UniqueIdentifier>
    </Filter>
    <Filter Include="01. game\object\player">
      <UniqueIdentifier>{10e9f756-01bf-4006-bdf9-c940dc2302e0}</UniqueIdentifier>
    </Filter>
    <Filter Include="01. game\object\component\physics\player_physics">
      <UniqueIdentifier>{3c7baa3d-fe36-49ac-9d83-354b8b85a266}</UniqueIdentifier>
    </Filter>
    <Filter Include="01. game\object\component\graphics\player_graphics">
      <UniqueIdentifier>{51525cc2-d437-4099-9118-1d9cfc2fcd2a}</UniqueIdentifier>
    </Filter>
    <Filter Include="00. framework\renderer\d3d12_shader\instancing">
      <UniqueIdentifier>{31f3f2e0-e037-4fe0-83ef-9b3db7503285}</UniqueIdentifier>
    </Filter>
    <Filter Include="01. game\object\factory">
      <UniqueIdentifier>{2ba05bf2-b643-4c6d-bc3c-30fe45e4bc08}</UniqueIdentifier>
    </Filter>
  </ItemGroup>
  <ItemGroup>
    <ClCompile Include="stdafx.cpp">
      <Filter>Source Files</Filter>
    </ClCompile>
    <ClCompile Include="console_logger.cpp">
      <Filter>02. debug\log</Filter>
    </ClCompile>
    <ClCompile Include="per_log.cpp">
      <Filter>02. debug\log</Filter>
    </ClCompile>
    <ClCompile Include="game_framework.cpp">
      <Filter>00. framework\game_framework</Filter>
    </ClCompile>
    <ClCompile Include="d3d12_renderer.cpp">
      <Filter>00. framework\renderer</Filter>
    </ClCompile>
    <ClCompile Include="game_framework_thread.cpp">
      <Filter>00. framework\game_framework</Filter>
    </ClCompile>
    <ClCompile Include="per_timer.cpp">
      <Filter>00. framework\timer</Filter>
    </ClCompile>
    <ClCompile Include="simple_timer.cpp">
      <Filter>00. framework\timer</Filter>
    </ClCompile>
    <ClCompile Include="per_world.cpp">
      <Filter>01. game\world</Filter>
    </ClCompile>
    <ClCompile Include="d3d12_mesh.cpp">
      <Filter>00. framework\renderer\d3d12_mesh</Filter>
    </ClCompile>
    <ClCompile Include="d3d12_vertex.cpp">
      <Filter>00. framework\renderer\d3d12_mesh</Filter>
    </ClCompile>
    <ClCompile Include="per_object.cpp">
      <Filter>01. game\object</Filter>
    </ClCompile>
    <ClCompile Include="graphics_component.cpp">
      <Filter>01. game\object\component\graphics</Filter>
    </ClCompile>
    <ClCompile Include="main.cpp">
      <Filter>Source Files</Filter>
    </ClCompile>
    <ClCompile Include="d3d12_shader.cpp">
      <Filter>00. framework\renderer\d3d12_shader</Filter>
    </ClCompile>
    <ClCompile Include="d3d12_camera.cpp">
      <Filter>00. framework\camera</Filter>
    </ClCompile>
    <ClCompile Include="physics_component.cpp">
      <Filter>01. game\object\component\physics</Filter>
    </ClCompile>
    <ClCompile Include="diffused_shader.cpp">
      <Filter>00. framework\renderer\d3d12_shader\diffused</Filter>
    </ClCompile>
    <ClCompile Include="graphics_components_shader.cpp">
      <Filter>00. framework\renderer\d3d12_shader\graphics_components</Filter>
    </ClCompile>
    <ClCompile Include="space_ship_camera.cpp">
      <Filter>00. framework\camera\space_ship</Filter>
    </ClCompile>
    <ClCompile Include="first_person_camera.cpp">
      <Filter>00. framework\camera\first_person</Filter>
    </ClCompile>
    <ClCompile Include="third_person_camera.cpp">
      <Filter>00. framework\camera\third_person</Filter>
    </ClCompile>
    <ClCompile Include="per_controller.cpp">
      <Filter>00. framework\controller</Filter>
    </ClCompile>
    <ClCompile Include="key_setting.cpp">
      <Filter>00. framework\controller</Filter>
    </ClCompile>
    <ClCompile Include="camera_component.cpp">
      <Filter>01. game\object\component\other</Filter>
    </ClCompile>
    <ClCompile Include="input_component.cpp">
      <Filter>01. game\object\component\input</Filter>
    </ClCompile>
    <ClCompile Include="ai_component.cpp">
      <Filter>01. game\object\component\ai</Filter>
    </ClCompile>
    <ClCompile Include="rotating_ai.cpp">
      <Filter>01. game\object\component\ai\rotating_ai</Filter>
    </ClCompile>
    <ClCompile Include="player_input.cpp">
      <Filter>01. game\object\component\input\player_input</Filter>
    </ClCompile>
    <ClCompile Include="per_player.cpp">
      <Filter>01. game\object\player</Filter>
    </ClCompile>
    <ClCompile Include="player_physics.cpp">
      <Filter>01. game\object\component\physics\player_physics</Filter>
    </ClCompile>
    <ClCompile Include="player_graphics.cpp">
      <Filter>01. game\object\component\graphics\player_graphics</Filter>
    </ClCompile>
    <ClCompile Include="instancing_shader.cpp">
      <Filter>00. framework\renderer\d3d12_shader\instancing</Filter>
    </ClCompile>
    <ClCompile Include="d3d12_resource.cpp">
      <Filter>00. framework\renderer\d3d12_init</Filter>
    </ClCompile>
    <ClCompile Include="object_factory.cpp">
      <Filter>01. game\object\factory</Filter>
    </ClCompile>
  </ItemGroup>
  <ItemGroup>
    <ClInclude Include="stdafx.h">
      <Filter>Header Files</Filter>
    </ClInclude>
    <ClInclude Include="per_log.h">
      <Filter>02. debug\log</Filter>
    </ClInclude>
    <ClInclude Include="per_logger.h">
      <Filter>02. debug\log</Filter>
    </ClInclude>
    <ClInclude Include="console_logger.h">
      <Filter>02. debug\log</Filter>
    </ClInclude>
    <ClInclude Include="null_logger.h">
      <Filter>02. debug\log</Filter>
    </ClInclude>
    <ClInclude Include="d3d12_renderer.h">
      <Filter>00. framework\renderer</Filter>
    </ClInclude>
    <ClInclude Include="game_framework.h">
      <Filter>00. framework\game_framework</Filter>
    </ClInclude>
    <ClInclude Include="d3d12_swapchain.h">
      <Filter>00. framework\renderer\d3d12_init</Filter>
    </ClInclude>
    <ClInclude Include="d3d12_device.h">
      <Filter>00. framework\renderer\d3d12_init</Filter>
    </ClInclude>
    <ClInclude Include="d3d12_command.h">
      <Filter>00. framework\renderer\d3d12_init</Filter>
    </ClInclude>
    <ClInclude Include="d3d12_descriptor.h">
      <Filter>00. framework\renderer\d3d12_init</Filter>
    </ClInclude>
    <ClInclude Include="d3d12_view.h">
      <Filter>00. framework\renderer\d3d12_init</Filter>
    </ClInclude>
    <ClInclude Include="cs_provider.h">
      <Filter>Header Files</Filter>
    </ClInclude>
    <ClInclude Include="per_timer.h">
      <Filter>00. framework\timer</Filter>
    </ClInclude>
    <ClInclude Include="simple_timer.h">
      <Filter>00. framework\timer</Filter>
    </ClInclude>
    <ClInclude Include="per_world.h">
      <Filter>01. game\world</Filter>
    </ClInclude>
    <ClInclude Include="d3d12_root.h">
      <Filter>00. framework\renderer\d3d12_init</Filter>
    </ClInclude>
    <ClInclude Include="d3d12_resource.h">
      <Filter>00. framework\renderer\d3d12_init</Filter>
    </ClInclude>
    <ClInclude Include="d3d12_mesh.h">
      <Filter>00. framework\renderer\d3d12_mesh</Filter>
    </ClInclude>
    <ClInclude Include="d3d12_vertex.h">
      <Filter>00. framework\renderer\d3d12_mesh</Filter>
    </ClInclude>
    <ClInclude Include="per_object.h">
      <Filter>01. game\object</Filter>
    </ClInclude>
    <ClInclude Include="per_component.h">
      <Filter>01. game\object\component</Filter>
    </ClInclude>
    <ClInclude Include="graphics_component.h">
      <Filter>01. game\object\component\graphics</Filter>
    </ClInclude>
    <ClInclude Include="d3d12_shader.h">
      <Filter>00. framework\renderer\d3d12_shader</Filter>
    </ClInclude>
    <ClInclude Include="d3d12_read_file.h">
      <Filter>00. framework\renderer\d3d12_util</Filter>
    </ClInclude>
    <ClInclude Include="d3d12_camera.h">
      <Filter>00. framework\camera</Filter>
    </ClInclude>
    <ClInclude Include="physics_component.h">
      <Filter>01. game\object\component\physics</Filter>
    </ClInclude>
    <ClInclude Include="diffused_shader.h">
      <Filter>00. framework\renderer\d3d12_shader\diffused</Filter>
    </ClInclude>
    <ClInclude Include="graphics_components_shader.h">
      <Filter>00. framework\renderer\d3d12_shader\graphics_components</Filter>
    </ClInclude>
    <ClInclude Include="space_ship_camera.h">
      <Filter>00. framework\camera\space_ship</Filter>
    </ClInclude>
    <ClInclude Include="first_person_camera.h">
      <Filter>00. framework\camera\first_person</Filter>
    </ClInclude>
    <ClInclude Include="third_person_camera.h">
      <Filter>00. framework\camera\third_person</Filter>
    </ClInclude>
    <ClInclude Include="per_controller.h">
      <Filter>00. framework\controller</Filter>
    </ClInclude>
    <ClInclude Include="key_setting.h">
      <Filter>00. framework\controller</Filter>
    </ClInclude>
    <ClInclude Include="camera_component.h">
      <Filter>01. game\object\component\other</Filter>
    </ClInclude>
    <ClInclude Include="input_component.h">
      <Filter>01. game\object\component\input</Filter>
    </ClInclude>
    <ClInclude Include="ai_component.h">
      <Filter>01. game\object\component\ai</Filter>
    </ClInclude>
    <ClInclude Include="rotating_ai.h">
      <Filter>01. game\object\component\ai\rotating_ai</Filter>
    </ClInclude>
    <ClInclude Include="player_input.h">
      <Filter>01. game\object\component\input\player_input</Filter>
    </ClInclude>
    <ClInclude Include="per_player.h">
      <Filter>01. game\object\player</Filter>
    </ClInclude>
    <ClInclude Include="player_physics.h">
      <Filter>01. game\object\component\physics\player_physics</Filter>
    </ClInclude>
    <ClInclude Include="player_graphics.h">
      <Filter>01. game\object\component\graphics\player_graphics</Filter>
    </ClInclude>
    <ClInclude Include="instancing_shader.h">
      <Filter>00. framework\renderer\d3d12_shader\instancing</Filter>
    </ClInclude>
    <ClInclude Include="object_factory.h">
      <Filter>01. game\object\factory</Filter>
    </ClInclude>
  </ItemGroup>
  <ItemGroup>
    <FxCompile Include="vertex_shader.hlsl">
      <Filter>00. framework\renderer\shader_files</Filter>
    </FxCompile>
    <FxCompile Include="pixel_shader.hlsl">
      <Filter>00. framework\renderer\shader_files</Filter>
    </FxCompile>
    <FxCompile Include="instancing_vertex.hlsl">
      <Filter>00. framework\renderer\shader_files</Filter>
    </FxCompile>
    <FxCompile Include="instancing_pixel.hlsl">
      <Filter>00. framework\renderer\shader_files</Filter>
    </FxCompile>
  </ItemGroup>
</Project>